// !$*UTF8*$!
{
	archiveVersion = 1;
	classes = {
	};
	objectVersion = 56;
	objects = {

/* Begin PBXBuildFile section */
		D73D35462B63D037009ACB57 /* AppDelegate.swift in Sources */ = {isa = PBXBuildFile; fileRef = D73D35452B63D037009ACB57 /* AppDelegate.swift */; };
		D73D35482B63D037009ACB57 /* SceneDelegate.swift in Sources */ = {isa = PBXBuildFile; fileRef = D73D35472B63D037009ACB57 /* SceneDelegate.swift */; };
		D73D354F2B63D03B009ACB57 /* Assets.xcassets in Resources */ = {isa = PBXBuildFile; fileRef = D73D354E2B63D03B009ACB57 /* Assets.xcassets */; };
		D73D35522B63D03B009ACB57 /* LaunchScreen.storyboard in Resources */ = {isa = PBXBuildFile; fileRef = D73D35502B63D03B009ACB57 /* LaunchScreen.storyboard */; };
		D73D355B2B63D3D5009ACB57 /* HomeController.swift in Sources */ = {isa = PBXBuildFile; fileRef = D73D355A2B63D3D5009ACB57 /* HomeController.swift */; };
		D73D355D2B63D3E4009ACB57 /* RegisterController.swift in Sources */ = {isa = PBXBuildFile; fileRef = D73D355C2B63D3E4009ACB57 /* RegisterController.swift */; };
		D73D355F2B63D3FD009ACB57 /* ForgotPasswordController.swift in Sources */ = {isa = PBXBuildFile; fileRef = D73D355E2B63D3FD009ACB57 /* ForgotPasswordController.swift */; };
		D73D35612B63D40E009ACB57 /* LoginController.swift in Sources */ = {isa = PBXBuildFile; fileRef = D73D35602B63D40E009ACB57 /* LoginController.swift */; };
		D73D35652B63D77F009ACB57 /* AuthHeaderView.swift in Sources */ = {isa = PBXBuildFile; fileRef = D73D35632B63D601009ACB57 /* AuthHeaderView.swift */; };
		D73D35672B66C689009ACB57 /* CustomTextField.swift in Sources */ = {isa = PBXBuildFile; fileRef = D73D35662B66C689009ACB57 /* CustomTextField.swift */; };
		D73D35692B66DC40009ACB57 /* CustomButton.swift in Sources */ = {isa = PBXBuildFile; fileRef = D73D35682B66DC40009ACB57 /* CustomButton.swift */; };
		D7BBF3B72B6BD715001D1C30 /* WebViewController.swift in Sources */ = {isa = PBXBuildFile; fileRef = D7BBF3B62B6BD715001D1C30 /* WebViewController.swift */; };
		D7BBF3BA2B6D59FD001D1C30 /* AlertManager.swift in Sources */ = {isa = PBXBuildFile; fileRef = D7BBF3B92B6D59FD001D1C30 /* AlertManager.swift */; };
		D7BBF3BF2B6F9CDD001D1C30 /* FirebaseAnalytics in Frameworks */ = {isa = PBXBuildFile; productRef = D7BBF3BE2B6F9CDD001D1C30 /* FirebaseAnalytics */; };
		D7BBF3C12B6F9CDD001D1C30 /* FirebaseAnalyticsOnDeviceConversion in Frameworks */ = {isa = PBXBuildFile; productRef = D7BBF3C02B6F9CDD001D1C30 /* FirebaseAnalyticsOnDeviceConversion */; };
		D7BBF3C32B6F9CDD001D1C30 /* FirebaseAnalyticsSwift in Frameworks */ = {isa = PBXBuildFile; productRef = D7BBF3C22B6F9CDD001D1C30 /* FirebaseAnalyticsSwift */; };
		D7BBF3C52B6F9CDD001D1C30 /* FirebaseAnalyticsWithoutAdIdSupport in Frameworks */ = {isa = PBXBuildFile; productRef = D7BBF3C42B6F9CDD001D1C30 /* FirebaseAnalyticsWithoutAdIdSupport */; };
		D7BBF3C72B6F9CDD001D1C30 /* FirebaseAppCheck in Frameworks */ = {isa = PBXBuildFile; productRef = D7BBF3C62B6F9CDD001D1C30 /* FirebaseAppCheck */; };
		D7BBF3C92B6F9CDD001D1C30 /* FirebaseAppDistribution-Beta in Frameworks */ = {isa = PBXBuildFile; productRef = D7BBF3C82B6F9CDD001D1C30 /* FirebaseAppDistribution-Beta */; };
		D7BBF3CB2B6F9CDD001D1C30 /* FirebaseAuth in Frameworks */ = {isa = PBXBuildFile; productRef = D7BBF3CA2B6F9CDD001D1C30 /* FirebaseAuth */; };
		D7BBF3CD2B6F9CDD001D1C30 /* FirebaseAuthCombine-Community in Frameworks */ = {isa = PBXBuildFile; productRef = D7BBF3CC2B6F9CDD001D1C30 /* FirebaseAuthCombine-Community */; };
		D7BBF3CF2B6F9CDD001D1C30 /* FirebaseCrashlytics in Frameworks */ = {isa = PBXBuildFile; productRef = D7BBF3CE2B6F9CDD001D1C30 /* FirebaseCrashlytics */; };
		D7BBF3D12B6F9CDD001D1C30 /* FirebaseDatabase in Frameworks */ = {isa = PBXBuildFile; productRef = D7BBF3D02B6F9CDD001D1C30 /* FirebaseDatabase */; };
		D7BBF3D32B6F9CDD001D1C30 /* FirebaseDatabaseSwift in Frameworks */ = {isa = PBXBuildFile; productRef = D7BBF3D22B6F9CDD001D1C30 /* FirebaseDatabaseSwift */; };
		D7BBF3D52B6F9CDD001D1C30 /* FirebaseDynamicLinks in Frameworks */ = {isa = PBXBuildFile; productRef = D7BBF3D42B6F9CDD001D1C30 /* FirebaseDynamicLinks */; };
		D7BBF3D72B6F9CDD001D1C30 /* FirebaseFirestore in Frameworks */ = {isa = PBXBuildFile; productRef = D7BBF3D62B6F9CDD001D1C30 /* FirebaseFirestore */; };
		D7BBF3D92B6F9CDD001D1C30 /* FirebaseFirestoreCombine-Community in Frameworks */ = {isa = PBXBuildFile; productRef = D7BBF3D82B6F9CDD001D1C30 /* FirebaseFirestoreCombine-Community */; };
		D7BBF3DB2B6F9CDD001D1C30 /* FirebaseFirestoreSwift in Frameworks */ = {isa = PBXBuildFile; productRef = D7BBF3DA2B6F9CDD001D1C30 /* FirebaseFirestoreSwift */; };
		D7BBF3DD2B6F9CDD001D1C30 /* FirebaseFunctions in Frameworks */ = {isa = PBXBuildFile; productRef = D7BBF3DC2B6F9CDD001D1C30 /* FirebaseFunctions */; };
		D7BBF3DF2B6F9CDD001D1C30 /* FirebaseFunctionsCombine-Community in Frameworks */ = {isa = PBXBuildFile; productRef = D7BBF3DE2B6F9CDD001D1C30 /* FirebaseFunctionsCombine-Community */; };
		D7BBF3E12B6F9CDD001D1C30 /* FirebaseInAppMessaging-Beta in Frameworks */ = {isa = PBXBuildFile; productRef = D7BBF3E02B6F9CDD001D1C30 /* FirebaseInAppMessaging-Beta */; };
		D7BBF3E32B6F9CDD001D1C30 /* FirebaseInAppMessagingSwift-Beta in Frameworks */ = {isa = PBXBuildFile; productRef = D7BBF3E22B6F9CDD001D1C30 /* FirebaseInAppMessagingSwift-Beta */; };
		D7BBF3E52B6F9CDD001D1C30 /* FirebaseInstallations in Frameworks */ = {isa = PBXBuildFile; productRef = D7BBF3E42B6F9CDD001D1C30 /* FirebaseInstallations */; };
		D7BBF3E72B6F9CDD001D1C30 /* FirebaseMLModelDownloader in Frameworks */ = {isa = PBXBuildFile; productRef = D7BBF3E62B6F9CDD001D1C30 /* FirebaseMLModelDownloader */; };
		D7BBF3E92B6F9CDD001D1C30 /* FirebaseMessaging in Frameworks */ = {isa = PBXBuildFile; productRef = D7BBF3E82B6F9CDD001D1C30 /* FirebaseMessaging */; };
		D7BBF3EB2B6F9CDD001D1C30 /* FirebasePerformance in Frameworks */ = {isa = PBXBuildFile; productRef = D7BBF3EA2B6F9CDD001D1C30 /* FirebasePerformance */; };
		D7BBF3ED2B6F9CDD001D1C30 /* FirebaseRemoteConfig in Frameworks */ = {isa = PBXBuildFile; productRef = D7BBF3EC2B6F9CDD001D1C30 /* FirebaseRemoteConfig */; };
		D7BBF3EF2B6F9CDD001D1C30 /* FirebaseRemoteConfigSwift in Frameworks */ = {isa = PBXBuildFile; productRef = D7BBF3EE2B6F9CDD001D1C30 /* FirebaseRemoteConfigSwift */; };
		D7BBF3F12B6F9CDD001D1C30 /* FirebaseStorage in Frameworks */ = {isa = PBXBuildFile; productRef = D7BBF3F02B6F9CDD001D1C30 /* FirebaseStorage */; };
		D7BBF3F32B6F9CDD001D1C30 /* FirebaseStorageCombine-Community in Frameworks */ = {isa = PBXBuildFile; productRef = D7BBF3F22B6F9CDD001D1C30 /* FirebaseStorageCombine-Community */; };
		D7BBF3F52B6F9FA5001D1C30 /* AuthService.swift in Sources */ = {isa = PBXBuildFile; fileRef = D7BBF3F42B6F9FA5001D1C30 /* AuthService.swift */; };
		D7BBF3F82B6FAEA5001D1C30 /* RegisterUserRequest.swift in Sources */ = {isa = PBXBuildFile; fileRef = D7BBF3F72B6FAEA5001D1C30 /* RegisterUserRequest.swift */; };
		D7BBF3FA2B6FD45B001D1C30 /* GoogleService-Info.plist in Resources */ = {isa = PBXBuildFile; fileRef = D7BBF3F92B6FD45B001D1C30 /* GoogleService-Info.plist */; };
		D7BBF3FC2B6FEC85001D1C30 /* LoginUserRequest.swift in Sources */ = {isa = PBXBuildFile; fileRef = D7BBF3FB2B6FEC85001D1C30 /* LoginUserRequest.swift */; };
/* End PBXBuildFile section */

/* Begin PBXFileReference section */
		D73D35422B63D037009ACB57 /* Auth-Login-System.app */ = {isa = PBXFileReference; explicitFileType = wrapper.application; includeInIndex = 0; path = "Auth-Login-System.app"; sourceTree = BUILT_PRODUCTS_DIR; };
		D73D35452B63D037009ACB57 /* AppDelegate.swift */ = {isa = PBXFileReference; lastKnownFileType = sourcecode.swift; path = AppDelegate.swift; sourceTree = "<group>"; };
		D73D35472B63D037009ACB57 /* SceneDelegate.swift */ = {isa = PBXFileReference; lastKnownFileType = sourcecode.swift; path = SceneDelegate.swift; sourceTree = "<group>"; };
		D73D354E2B63D03B009ACB57 /* Assets.xcassets */ = {isa = PBXFileReference; lastKnownFileType = folder.assetcatalog; path = Assets.xcassets; sourceTree = "<group>"; };
		D73D35512B63D03B009ACB57 /* Base */ = {isa = PBXFileReference; lastKnownFileType = file.storyboard; name = Base; path = Base.lproj/LaunchScreen.storyboard; sourceTree = "<group>"; };
		D73D35532B63D03B009ACB57 /* Info.plist */ = {isa = PBXFileReference; lastKnownFileType = text.plist.xml; path = Info.plist; sourceTree = "<group>"; };
		D73D355A2B63D3D5009ACB57 /* HomeController.swift */ = {isa = PBXFileReference; lastKnownFileType = sourcecode.swift; path = HomeController.swift; sourceTree = "<group>"; };
		D73D355C2B63D3E4009ACB57 /* RegisterController.swift */ = {isa = PBXFileReference; lastKnownFileType = sourcecode.swift; path = RegisterController.swift; sourceTree = "<group>"; };
		D73D355E2B63D3FD009ACB57 /* ForgotPasswordController.swift */ = {isa = PBXFileReference; lastKnownFileType = sourcecode.swift; path = ForgotPasswordController.swift; sourceTree = "<group>"; };
		D73D35602B63D40E009ACB57 /* LoginController.swift */ = {isa = PBXFileReference; lastKnownFileType = sourcecode.swift; path = LoginController.swift; sourceTree = "<group>"; };
		D73D35632B63D601009ACB57 /* AuthHeaderView.swift */ = {isa = PBXFileReference; lastKnownFileType = sourcecode.swift; path = AuthHeaderView.swift; sourceTree = "<group>"; };
		D73D35662B66C689009ACB57 /* CustomTextField.swift */ = {isa = PBXFileReference; lastKnownFileType = sourcecode.swift; path = CustomTextField.swift; sourceTree = "<group>"; };
		D73D35682B66DC40009ACB57 /* CustomButton.swift */ = {isa = PBXFileReference; lastKnownFileType = sourcecode.swift; path = CustomButton.swift; sourceTree = "<group>"; };
		D7BBF3B62B6BD715001D1C30 /* WebViewController.swift */ = {isa = PBXFileReference; lastKnownFileType = sourcecode.swift; path = WebViewController.swift; sourceTree = "<group>"; };
		D7BBF3B92B6D59FD001D1C30 /* AlertManager.swift */ = {isa = PBXFileReference; lastKnownFileType = sourcecode.swift; path = AlertManager.swift; sourceTree = "<group>"; };
		D7BBF3F42B6F9FA5001D1C30 /* AuthService.swift */ = {isa = PBXFileReference; lastKnownFileType = sourcecode.swift; path = AuthService.swift; sourceTree = "<group>"; };
		D7BBF3F72B6FAEA5001D1C30 /* RegisterUserRequest.swift */ = {isa = PBXFileReference; lastKnownFileType = sourcecode.swift; path = RegisterUserRequest.swift; sourceTree = "<group>"; };
		D7BBF3F92B6FD45B001D1C30 /* GoogleService-Info.plist */ = {isa = PBXFileReference; fileEncoding = 4; lastKnownFileType = text.plist.xml; path = "GoogleService-Info.plist"; sourceTree = "<group>"; };
		D7BBF3FB2B6FEC85001D1C30 /* LoginUserRequest.swift */ = {isa = PBXFileReference; lastKnownFileType = sourcecode.swift; path = LoginUserRequest.swift; sourceTree = "<group>"; };
/* End PBXFileReference section */

/* Begin PBXFrameworksBuildPhase section */
		D73D353F2B63D037009ACB57 /* Frameworks */ = {
			isa = PBXFrameworksBuildPhase;
			buildActionMask = 2147483647;
			files = (
				D7BBF3D12B6F9CDD001D1C30 /* FirebaseDatabase in Frameworks */,
				D7BBF3DF2B6F9CDD001D1C30 /* FirebaseFunctionsCombine-Community in Frameworks */,
				D7BBF3D72B6F9CDD001D1C30 /* FirebaseFirestore in Frameworks */,
				D7BBF3C32B6F9CDD001D1C30 /* FirebaseAnalyticsSwift in Frameworks */,
				D7BBF3BF2B6F9CDD001D1C30 /* FirebaseAnalytics in Frameworks */,
				D7BBF3C12B6F9CDD001D1C30 /* FirebaseAnalyticsOnDeviceConversion in Frameworks */,
				D7BBF3E72B6F9CDD001D1C30 /* FirebaseMLModelDownloader in Frameworks */,
				D7BBF3DB2B6F9CDD001D1C30 /* FirebaseFirestoreSwift in Frameworks */,
				D7BBF3C72B6F9CDD001D1C30 /* FirebaseAppCheck in Frameworks */,
				D7BBF3C52B6F9CDD001D1C30 /* FirebaseAnalyticsWithoutAdIdSupport in Frameworks */,
				D7BBF3CB2B6F9CDD001D1C30 /* FirebaseAuth in Frameworks */,
				D7BBF3CF2B6F9CDD001D1C30 /* FirebaseCrashlytics in Frameworks */,
				D7BBF3EF2B6F9CDD001D1C30 /* FirebaseRemoteConfigSwift in Frameworks */,
				D7BBF3E12B6F9CDD001D1C30 /* FirebaseInAppMessaging-Beta in Frameworks */,
				D7BBF3D32B6F9CDD001D1C30 /* FirebaseDatabaseSwift in Frameworks */,
				D7BBF3DD2B6F9CDD001D1C30 /* FirebaseFunctions in Frameworks */,
				D7BBF3F32B6F9CDD001D1C30 /* FirebaseStorageCombine-Community in Frameworks */,
				D7BBF3ED2B6F9CDD001D1C30 /* FirebaseRemoteConfig in Frameworks */,
				D7BBF3C92B6F9CDD001D1C30 /* FirebaseAppDistribution-Beta in Frameworks */,
				D7BBF3CD2B6F9CDD001D1C30 /* FirebaseAuthCombine-Community in Frameworks */,
				D7BBF3EB2B6F9CDD001D1C30 /* FirebasePerformance in Frameworks */,
				D7BBF3E32B6F9CDD001D1C30 /* FirebaseInAppMessagingSwift-Beta in Frameworks */,
				D7BBF3F12B6F9CDD001D1C30 /* FirebaseStorage in Frameworks */,
				D7BBF3D52B6F9CDD001D1C30 /* FirebaseDynamicLinks in Frameworks */,
				D7BBF3D92B6F9CDD001D1C30 /* FirebaseFirestoreCombine-Community in Frameworks */,
				D7BBF3E92B6F9CDD001D1C30 /* FirebaseMessaging in Frameworks */,
				D7BBF3E52B6F9CDD001D1C30 /* FirebaseInstallations in Frameworks */,
			);
			runOnlyForDeploymentPostprocessing = 0;
		};
/* End PBXFrameworksBuildPhase section */

/* Begin PBXGroup section */
		D73D35392B63D037009ACB57 = {
			isa = PBXGroup;
			children = (
				D73D35442B63D037009ACB57 /* Auth-Login-System */,
				D73D35432B63D037009ACB57 /* Products */,
			);
			sourceTree = "<group>";
		};
		D73D35432B63D037009ACB57 /* Products */ = {
			isa = PBXGroup;
			children = (
				D73D35422B63D037009ACB57 /* Auth-Login-System.app */,
			);
			name = Products;
			sourceTree = "<group>";
		};
		D73D35442B63D037009ACB57 /* Auth-Login-System */ = {
			isa = PBXGroup;
			children = (
				D7BBF3FD2B700F9A001D1C30 /* Auth */,
				D7BBF3F62B6FAE61001D1C30 /* Models */,
				D7BBF3B82B6D59E8001D1C30 /* Alert */,
				D7BBF3B52B6BD6DE001D1C30 /* Controller */,
				D73D35622B63D5E3009ACB57 /* Views */,
				D73D35592B63D380009ACB57 /* Supporting */,
				D73D35532B63D03B009ACB57 /* Info.plist */,
			);
			path = "Auth-Login-System";
			sourceTree = "<group>";
		};
		D73D35592B63D380009ACB57 /* Supporting */ = {
			isa = PBXGroup;
			children = (
				D73D35502B63D03B009ACB57 /* LaunchScreen.storyboard */,
				D73D35452B63D037009ACB57 /* AppDelegate.swift */,
				D73D35472B63D037009ACB57 /* SceneDelegate.swift */,
				D7BBF3F92B6FD45B001D1C30 /* GoogleService-Info.plist */,
				D73D354E2B63D03B009ACB57 /* Assets.xcassets */,
			);
			path = Supporting;
			sourceTree = "<group>";
		};
		D73D35622B63D5E3009ACB57 /* Views */ = {
			isa = PBXGroup;
			children = (
				D73D35632B63D601009ACB57 /* AuthHeaderView.swift */,
				D73D35662B66C689009ACB57 /* CustomTextField.swift */,
				D73D35682B66DC40009ACB57 /* CustomButton.swift */,
			);
			path = Views;
			sourceTree = "<group>";
		};
		D7BBF3B52B6BD6DE001D1C30 /* Controller */ = {
			isa = PBXGroup;
			children = (
				D73D355A2B63D3D5009ACB57 /* HomeController.swift */,
				D73D355C2B63D3E4009ACB57 /* RegisterController.swift */,
				D73D355E2B63D3FD009ACB57 /* ForgotPasswordController.swift */,
				D73D35602B63D40E009ACB57 /* LoginController.swift */,
				D7BBF3B62B6BD715001D1C30 /* WebViewController.swift */,
			);
			path = Controller;
			sourceTree = "<group>";
		};
		D7BBF3B82B6D59E8001D1C30 /* Alert */ = {
			isa = PBXGroup;
			children = (
				D7BBF3B92B6D59FD001D1C30 /* AlertManager.swift */,
			);
			path = Alert;
			sourceTree = "<group>";
		};
		D7BBF3F62B6FAE61001D1C30 /* Models */ = {
			isa = PBXGroup;
			children = (
				D7BBF3F72B6FAEA5001D1C30 /* RegisterUserRequest.swift */,
				D7BBF3FB2B6FEC85001D1C30 /* LoginUserRequest.swift */,
			);
			path = Models;
			sourceTree = "<group>";
		};
		D7BBF3FD2B700F9A001D1C30 /* Auth */ = {
			isa = PBXGroup;
			children = (
				D7BBF3F42B6F9FA5001D1C30 /* AuthService.swift */,
			);
			path = Auth;
			sourceTree = "<group>";
		};
/* End PBXGroup section */

/* Begin PBXNativeTarget section */
		D73D35412B63D037009ACB57 /* Auth-Login-System */ = {
			isa = PBXNativeTarget;
			buildConfigurationList = D73D35562B63D03B009ACB57 /* Build configuration list for PBXNativeTarget "Auth-Login-System" */;
			buildPhases = (
				D73D353E2B63D037009ACB57 /* Sources */,
				D73D353F2B63D037009ACB57 /* Frameworks */,
				D73D35402B63D037009ACB57 /* Resources */,
			);
			buildRules = (
			);
			dependencies = (
			);
			name = "Auth-Login-System";
			packageProductDependencies = (
				D7BBF3BE2B6F9CDD001D1C30 /* FirebaseAnalytics */,
				D7BBF3C02B6F9CDD001D1C30 /* FirebaseAnalyticsOnDeviceConversion */,
				D7BBF3C22B6F9CDD001D1C30 /* FirebaseAnalyticsSwift */,
				D7BBF3C42B6F9CDD001D1C30 /* FirebaseAnalyticsWithoutAdIdSupport */,
				D7BBF3C62B6F9CDD001D1C30 /* FirebaseAppCheck */,
				D7BBF3C82B6F9CDD001D1C30 /* FirebaseAppDistribution-Beta */,
				D7BBF3CA2B6F9CDD001D1C30 /* FirebaseAuth */,
				D7BBF3CC2B6F9CDD001D1C30 /* FirebaseAuthCombine-Community */,
				D7BBF3CE2B6F9CDD001D1C30 /* FirebaseCrashlytics */,
				D7BBF3D02B6F9CDD001D1C30 /* FirebaseDatabase */,
				D7BBF3D22B6F9CDD001D1C30 /* FirebaseDatabaseSwift */,
				D7BBF3D42B6F9CDD001D1C30 /* FirebaseDynamicLinks */,
				D7BBF3D62B6F9CDD001D1C30 /* FirebaseFirestore */,
				D7BBF3D82B6F9CDD001D1C30 /* FirebaseFirestoreCombine-Community */,
				D7BBF3DA2B6F9CDD001D1C30 /* FirebaseFirestoreSwift */,
				D7BBF3DC2B6F9CDD001D1C30 /* FirebaseFunctions */,
				D7BBF3DE2B6F9CDD001D1C30 /* FirebaseFunctionsCombine-Community */,
				D7BBF3E02B6F9CDD001D1C30 /* FirebaseInAppMessaging-Beta */,
				D7BBF3E22B6F9CDD001D1C30 /* FirebaseInAppMessagingSwift-Beta */,
				D7BBF3E42B6F9CDD001D1C30 /* FirebaseInstallations */,
				D7BBF3E62B6F9CDD001D1C30 /* FirebaseMLModelDownloader */,
				D7BBF3E82B6F9CDD001D1C30 /* FirebaseMessaging */,
				D7BBF3EA2B6F9CDD001D1C30 /* FirebasePerformance */,
				D7BBF3EC2B6F9CDD001D1C30 /* FirebaseRemoteConfig */,
				D7BBF3EE2B6F9CDD001D1C30 /* FirebaseRemoteConfigSwift */,
				D7BBF3F02B6F9CDD001D1C30 /* FirebaseStorage */,
				D7BBF3F22B6F9CDD001D1C30 /* FirebaseStorageCombine-Community */,
			);
			productName = "Auth-Login-System";
			productReference = D73D35422B63D037009ACB57 /* Auth-Login-System.app */;
			productType = "com.apple.product-type.application";
		};
/* End PBXNativeTarget section */

/* Begin PBXProject section */
		D73D353A2B63D037009ACB57 /* Project object */ = {
			isa = PBXProject;
			attributes = {
				BuildIndependentTargetsInParallel = 1;
				LastSwiftUpdateCheck = 1500;
				LastUpgradeCheck = 1500;
				TargetAttributes = {
					D73D35412B63D037009ACB57 = {
						CreatedOnToolsVersion = 15.0;
					};
				};
			};
			buildConfigurationList = D73D353D2B63D037009ACB57 /* Build configuration list for PBXProject "Auth-Login-System" */;
			compatibilityVersion = "Xcode 14.0";
			developmentRegion = en;
			hasScannedForEncodings = 0;
			knownRegions = (
				en,
				Base,
			);
			mainGroup = D73D35392B63D037009ACB57;
			packageReferences = (
				D7BBF3BD2B6F9CDD001D1C30 /* XCRemoteSwiftPackageReference "firebase-ios-sdk" */,
			);
			productRefGroup = D73D35432B63D037009ACB57 /* Products */;
			projectDirPath = "";
			projectRoot = "";
			targets = (
				D73D35412B63D037009ACB57 /* Auth-Login-System */,
			);
		};
/* End PBXProject section */

/* Begin PBXResourcesBuildPhase section */
		D73D35402B63D037009ACB57 /* Resources */ = {
			isa = PBXResourcesBuildPhase;
			buildActionMask = 2147483647;
			files = (
				D73D35522B63D03B009ACB57 /* LaunchScreen.storyboard in Resources */,
				D73D354F2B63D03B009ACB57 /* Assets.xcassets in Resources */,
				D7BBF3FA2B6FD45B001D1C30 /* GoogleService-Info.plist in Resources */,
			);
			runOnlyForDeploymentPostprocessing = 0;
		};
/* End PBXResourcesBuildPhase section */

/* Begin PBXSourcesBuildPhase section */
		D73D353E2B63D037009ACB57 /* Sources */ = {
			isa = PBXSourcesBuildPhase;
			buildActionMask = 2147483647;
			files = (
				D73D355D2B63D3E4009ACB57 /* RegisterController.swift in Sources */,
				D7BBF3BA2B6D59FD001D1C30 /* AlertManager.swift in Sources */,
				D73D355F2B63D3FD009ACB57 /* ForgotPasswordController.swift in Sources */,
				D7BBF3F52B6F9FA5001D1C30 /* AuthService.swift in Sources */,
				D7BBF3FC2B6FEC85001D1C30 /* LoginUserRequest.swift in Sources */,
				D73D35692B66DC40009ACB57 /* CustomButton.swift in Sources */,
				D7BBF3B72B6BD715001D1C30 /* WebViewController.swift in Sources */,
				D73D355B2B63D3D5009ACB57 /* HomeController.swift in Sources */,
				D73D35462B63D037009ACB57 /* AppDelegate.swift in Sources */,
				D7BBF3F82B6FAEA5001D1C30 /* RegisterUserRequest.swift in Sources */,
				D73D35672B66C689009ACB57 /* CustomTextField.swift in Sources */,
				D73D35482B63D037009ACB57 /* SceneDelegate.swift in Sources */,
				D73D35612B63D40E009ACB57 /* LoginController.swift in Sources */,
				D73D35652B63D77F009ACB57 /* AuthHeaderView.swift in Sources */,
			);
			runOnlyForDeploymentPostprocessing = 0;
		};
/* End PBXSourcesBuildPhase section */

/* Begin PBXVariantGroup section */
		D73D35502B63D03B009ACB57 /* LaunchScreen.storyboard */ = {
			isa = PBXVariantGroup;
			children = (
				D73D35512B63D03B009ACB57 /* Base */,
			);
			name = LaunchScreen.storyboard;
			sourceTree = "<group>";
		};
/* End PBXVariantGroup section */

/* Begin XCBuildConfiguration section */
		D73D35542B63D03B009ACB57 /* Debug */ = {
			isa = XCBuildConfiguration;
			buildSettings = {
				ALWAYS_SEARCH_USER_PATHS = NO;
				ASSETCATALOG_COMPILER_GENERATE_SWIFT_ASSET_SYMBOL_EXTENSIONS = YES;
				CLANG_ANALYZER_NONNULL = YES;
				CLANG_ANALYZER_NUMBER_OBJECT_CONVERSION = YES_AGGRESSIVE;
				CLANG_CXX_LANGUAGE_STANDARD = "gnu++20";
				CLANG_ENABLE_MODULES = YES;
				CLANG_ENABLE_OBJC_ARC = YES;
				CLANG_ENABLE_OBJC_WEAK = YES;
				CLANG_WARN_BLOCK_CAPTURE_AUTORELEASING = YES;
				CLANG_WARN_BOOL_CONVERSION = YES;
				CLANG_WARN_COMMA = YES;
				CLANG_WARN_CONSTANT_CONVERSION = YES;
				CLANG_WARN_DEPRECATED_OBJC_IMPLEMENTATIONS = YES;
				CLANG_WARN_DIRECT_OBJC_ISA_USAGE = YES_ERROR;
				CLANG_WARN_DOCUMENTATION_COMMENTS = YES;
				CLANG_WARN_EMPTY_BODY = YES;
				CLANG_WARN_ENUM_CONVERSION = YES;
				CLANG_WARN_INFINITE_RECURSION = YES;
				CLANG_WARN_INT_CONVERSION = YES;
				CLANG_WARN_NON_LITERAL_NULL_CONVERSION = YES;
				CLANG_WARN_OBJC_IMPLICIT_RETAIN_SELF = YES;
				CLANG_WARN_OBJC_LITERAL_CONVERSION = YES;
				CLANG_WARN_OBJC_ROOT_CLASS = YES_ERROR;
				CLANG_WARN_QUOTED_INCLUDE_IN_FRAMEWORK_HEADER = YES;
				CLANG_WARN_RANGE_LOOP_ANALYSIS = YES;
				CLANG_WARN_STRICT_PROTOTYPES = YES;
				CLANG_WARN_SUSPICIOUS_MOVE = YES;
				CLANG_WARN_UNGUARDED_AVAILABILITY = YES_AGGRESSIVE;
				CLANG_WARN_UNREACHABLE_CODE = YES;
				CLANG_WARN__DUPLICATE_METHOD_MATCH = YES;
				COPY_PHASE_STRIP = NO;
				DEBUG_INFORMATION_FORMAT = dwarf;
				ENABLE_STRICT_OBJC_MSGSEND = YES;
				ENABLE_TESTABILITY = YES;
				ENABLE_USER_SCRIPT_SANDBOXING = YES;
				GCC_C_LANGUAGE_STANDARD = gnu17;
				GCC_DYNAMIC_NO_PIC = NO;
				GCC_NO_COMMON_BLOCKS = YES;
				GCC_OPTIMIZATION_LEVEL = 0;
				GCC_PREPROCESSOR_DEFINITIONS = (
					"DEBUG=1",
					"$(inherited)",
				);
				GCC_WARN_64_TO_32_BIT_CONVERSION = YES;
				GCC_WARN_ABOUT_RETURN_TYPE = YES_ERROR;
				GCC_WARN_UNDECLARED_SELECTOR = YES;
				GCC_WARN_UNINITIALIZED_AUTOS = YES_AGGRESSIVE;
				GCC_WARN_UNUSED_FUNCTION = YES;
				GCC_WARN_UNUSED_VARIABLE = YES;
				IPHONEOS_DEPLOYMENT_TARGET = 17.0;
				LOCALIZATION_PREFERS_STRING_CATALOGS = YES;
				MTL_ENABLE_DEBUG_INFO = INCLUDE_SOURCE;
				MTL_FAST_MATH = YES;
				ONLY_ACTIVE_ARCH = YES;
				SDKROOT = iphoneos;
				SWIFT_ACTIVE_COMPILATION_CONDITIONS = "DEBUG $(inherited)";
				SWIFT_OPTIMIZATION_LEVEL = "-Onone";
			};
			name = Debug;
		};
		D73D35552B63D03B009ACB57 /* Release */ = {
			isa = XCBuildConfiguration;
			buildSettings = {
				ALWAYS_SEARCH_USER_PATHS = NO;
				ASSETCATALOG_COMPILER_GENERATE_SWIFT_ASSET_SYMBOL_EXTENSIONS = YES;
				CLANG_ANALYZER_NONNULL = YES;
				CLANG_ANALYZER_NUMBER_OBJECT_CONVERSION = YES_AGGRESSIVE;
				CLANG_CXX_LANGUAGE_STANDARD = "gnu++20";
				CLANG_ENABLE_MODULES = YES;
				CLANG_ENABLE_OBJC_ARC = YES;
				CLANG_ENABLE_OBJC_WEAK = YES;
				CLANG_WARN_BLOCK_CAPTURE_AUTORELEASING = YES;
				CLANG_WARN_BOOL_CONVERSION = YES;
				CLANG_WARN_COMMA = YES;
				CLANG_WARN_CONSTANT_CONVERSION = YES;
				CLANG_WARN_DEPRECATED_OBJC_IMPLEMENTATIONS = YES;
				CLANG_WARN_DIRECT_OBJC_ISA_USAGE = YES_ERROR;
				CLANG_WARN_DOCUMENTATION_COMMENTS = YES;
				CLANG_WARN_EMPTY_BODY = YES;
				CLANG_WARN_ENUM_CONVERSION = YES;
				CLANG_WARN_INFINITE_RECURSION = YES;
				CLANG_WARN_INT_CONVERSION = YES;
				CLANG_WARN_NON_LITERAL_NULL_CONVERSION = YES;
				CLANG_WARN_OBJC_IMPLICIT_RETAIN_SELF = YES;
				CLANG_WARN_OBJC_LITERAL_CONVERSION = YES;
				CLANG_WARN_OBJC_ROOT_CLASS = YES_ERROR;
				CLANG_WARN_QUOTED_INCLUDE_IN_FRAMEWORK_HEADER = YES;
				CLANG_WARN_RANGE_LOOP_ANALYSIS = YES;
				CLANG_WARN_STRICT_PROTOTYPES = YES;
				CLANG_WARN_SUSPICIOUS_MOVE = YES;
				CLANG_WARN_UNGUARDED_AVAILABILITY = YES_AGGRESSIVE;
				CLANG_WARN_UNREACHABLE_CODE = YES;
				CLANG_WARN__DUPLICATE_METHOD_MATCH = YES;
				COPY_PHASE_STRIP = NO;
				DEBUG_INFORMATION_FORMAT = "dwarf-with-dsym";
				ENABLE_NS_ASSERTIONS = NO;
				ENABLE_STRICT_OBJC_MSGSEND = YES;
				ENABLE_USER_SCRIPT_SANDBOXING = YES;
				GCC_C_LANGUAGE_STANDARD = gnu17;
				GCC_NO_COMMON_BLOCKS = YES;
				GCC_WARN_64_TO_32_BIT_CONVERSION = YES;
				GCC_WARN_ABOUT_RETURN_TYPE = YES_ERROR;
				GCC_WARN_UNDECLARED_SELECTOR = YES;
				GCC_WARN_UNINITIALIZED_AUTOS = YES_AGGRESSIVE;
				GCC_WARN_UNUSED_FUNCTION = YES;
				GCC_WARN_UNUSED_VARIABLE = YES;
				IPHONEOS_DEPLOYMENT_TARGET = 17.0;
				LOCALIZATION_PREFERS_STRING_CATALOGS = YES;
				MTL_ENABLE_DEBUG_INFO = NO;
				MTL_FAST_MATH = YES;
				SDKROOT = iphoneos;
				SWIFT_COMPILATION_MODE = wholemodule;
				VALIDATE_PRODUCT = YES;
			};
			name = Release;
		};
		D73D35572B63D03B009ACB57 /* Debug */ = {
			isa = XCBuildConfiguration;
			buildSettings = {
				ASSETCATALOG_COMPILER_APPICON_NAME = AppIcon;
				ASSETCATALOG_COMPILER_GLOBAL_ACCENT_COLOR_NAME = AccentColor;
				CODE_SIGN_STYLE = Automatic;
				CURRENT_PROJECT_VERSION = 1;
				DEVELOPMENT_TEAM = 5S4TMVFBL9;
				GENERATE_INFOPLIST_FILE = YES;
				INFOPLIST_FILE = "Auth-Login-System/Info.plist";
				INFOPLIST_KEY_CFBundleDisplayName = "Auth Login System";
				INFOPLIST_KEY_UIApplicationSupportsIndirectInputEvents = YES;
				INFOPLIST_KEY_UILaunchStoryboardName = LaunchScreen;
				INFOPLIST_KEY_UISupportedInterfaceOrientations_iPad = "UIInterfaceOrientationPortrait UIInterfaceOrientationPortraitUpsideDown UIInterfaceOrientationLandscapeLeft UIInterfaceOrientationLandscapeRight";
				INFOPLIST_KEY_UISupportedInterfaceOrientations_iPhone = "UIInterfaceOrientationPortrait UIInterfaceOrientationLandscapeLeft UIInterfaceOrientationLandscapeRight";
				LD_RUNPATH_SEARCH_PATHS = (
					"$(inherited)",
					"@executable_path/Frameworks",
				);
				MARKETING_VERSION = 1.0;
				PRODUCT_BUNDLE_IDENTIFIER = "vailed.Auth-Login-System";
				PRODUCT_NAME = "$(TARGET_NAME)";
				SWIFT_EMIT_LOC_STRINGS = YES;
				SWIFT_VERSION = 5.0;
				TARGETED_DEVICE_FAMILY = "1,2";
			};
			name = Debug;
		};
		D73D35582B63D03B009ACB57 /* Release */ = {
			isa = XCBuildConfiguration;
			buildSettings = {
				ASSETCATALOG_COMPILER_APPICON_NAME = AppIcon;
				ASSETCATALOG_COMPILER_GLOBAL_ACCENT_COLOR_NAME = AccentColor;
				CODE_SIGN_STYLE = Automatic;
				CURRENT_PROJECT_VERSION = 1;
				DEVELOPMENT_TEAM = 5S4TMVFBL9;
				GENERATE_INFOPLIST_FILE = YES;
				INFOPLIST_FILE = "Auth-Login-System/Info.plist";
				INFOPLIST_KEY_CFBundleDisplayName = "Auth Login System";
				INFOPLIST_KEY_UIApplicationSupportsIndirectInputEvents = YES;
				INFOPLIST_KEY_UILaunchStoryboardName = LaunchScreen;
				INFOPLIST_KEY_UISupportedInterfaceOrientations_iPad = "UIInterfaceOrientationPortrait UIInterfaceOrientationPortraitUpsideDown UIInterfaceOrientationLandscapeLeft UIInterfaceOrientationLandscapeRight";
				INFOPLIST_KEY_UISupportedInterfaceOrientations_iPhone = "UIInterfaceOrientationPortrait UIInterfaceOrientationLandscapeLeft UIInterfaceOrientationLandscapeRight";
				LD_RUNPATH_SEARCH_PATHS = (
					"$(inherited)",
					"@executable_path/Frameworks",
				);
				MARKETING_VERSION = 1.0;
				PRODUCT_BUNDLE_IDENTIFIER = "vailed.Auth-Login-System";
				PRODUCT_NAME = "$(TARGET_NAME)";
				SWIFT_EMIT_LOC_STRINGS = YES;
				SWIFT_VERSION = 5.0;
				TARGETED_DEVICE_FAMILY = "1,2";
			};
			name = Release;
		};
/* End XCBuildConfiguration section */

/* Begin XCConfigurationList section */
		D73D353D2B63D037009ACB57 /* Build configuration list for PBXProject "Auth-Login-System" */ = {
			isa = XCConfigurationList;
			buildConfigurations = (
				D73D35542B63D03B009ACB57 /* Debug */,
				D73D35552B63D03B009ACB57 /* Release */,
			);
			defaultConfigurationIsVisible = 0;
			defaultConfigurationName = Release;
		};
		D73D35562B63D03B009ACB57 /* Build configuration list for PBXNativeTarget "Auth-Login-System" */ = {
			isa = XCConfigurationList;
			buildConfigurations = (
				D73D35572B63D03B009ACB57 /* Debug */,
				D73D35582B63D03B009ACB57 /* Release */,
			);
			defaultConfigurationIsVisible = 0;
			defaultConfigurationName = Release;
		};
/* End XCConfigurationList section */

/* Begin XCRemoteSwiftPackageReference section */
		D7BBF3BD2B6F9CDD001D1C30 /* XCRemoteSwiftPackageReference "firebase-ios-sdk" */ = {
			isa = XCRemoteSwiftPackageReference;
			repositoryURL = "https://github.com/firebase/firebase-ios-sdk";
			requirement = {
				kind = upToNextMajorVersion;
				minimumVersion = 10.20.0;
			};
		};
/* End XCRemoteSwiftPackageReference section */

/* Begin XCSwiftPackageProductDependency section */
		D7BBF3BE2B6F9CDD001D1C30 /* FirebaseAnalytics */ = {
			isa = XCSwiftPackageProductDependency;
			package = D7BBF3BD2B6F9CDD001D1C30 /* XCRemoteSwiftPackageReference "firebase-ios-sdk" */;
			productName = FirebaseAnalytics;
		};
		D7BBF3C02B6F9CDD001D1C30 /* FirebaseAnalyticsOnDeviceConversion */ = {
			isa = XCSwiftPackageProductDependency;
			package = D7BBF3BD2B6F9CDD001D1C30 /* XCRemoteSwiftPackageReference "firebase-ios-sdk" */;
			productName = FirebaseAnalyticsOnDeviceConversion;
		};
		D7BBF3C22B6F9CDD001D1C30 /* FirebaseAnalyticsSwift */ = {
			isa = XCSwiftPackageProductDependency;
			package = D7BBF3BD2B6F9CDD001D1C30 /* XCRemoteSwiftPackageReference "firebase-ios-sdk" */;
			productName = FirebaseAnalyticsSwift;
		};
		D7BBF3C42B6F9CDD001D1C30 /* FirebaseAnalyticsWithoutAdIdSupport */ = {
			isa = XCSwiftPackageProductDependency;
			package = D7BBF3BD2B6F9CDD001D1C30 /* XCRemoteSwiftPackageReference "firebase-ios-sdk" */;
			productName = FirebaseAnalyticsWithoutAdIdSupport;
		};
		D7BBF3C62B6F9CDD001D1C30 /* FirebaseAppCheck */ = {
			isa = XCSwiftPackageProductDependency;
			package = D7BBF3BD2B6F9CDD001D1C30 /* XCRemoteSwiftPackageReference "firebase-ios-sdk" */;
			productName = FirebaseAppCheck;
		};
		D7BBF3C82B6F9CDD001D1C30 /* FirebaseAppDistribution-Beta */ = {
			isa = XCSwiftPackageProductDependency;
			package = D7BBF3BD2B6F9CDD001D1C30 /* XCRemoteSwiftPackageReference "firebase-ios-sdk" */;
			productName = "FirebaseAppDistribution-Beta";
		};
		D7BBF3CA2B6F9CDD001D1C30 /* FirebaseAuth */ = {
			isa = XCSwiftPackageProductDependency;
			package = D7BBF3BD2B6F9CDD001D1C30 /* XCRemoteSwiftPackageReference "firebase-ios-sdk" */;
			productName = FirebaseAuth;
		};
		D7BBF3CC2B6F9CDD001D1C30 /* FirebaseAuthCombine-Community */ = {
			isa = XCSwiftPackageProductDependency;
			package = D7BBF3BD2B6F9CDD001D1C30 /* XCRemoteSwiftPackageReference "firebase-ios-sdk" */;
			productName = "FirebaseAuthCombine-Community";
		};
		D7BBF3CE2B6F9CDD001D1C30 /* FirebaseCrashlytics */ = {
			isa = XCSwiftPackageProductDependency;
			package = D7BBF3BD2B6F9CDD001D1C30 /* XCRemoteSwiftPackageReference "firebase-ios-sdk" */;
			productName = FirebaseCrashlytics;
		};
		D7BBF3D02B6F9CDD001D1C30 /* FirebaseDatabase */ = {
			isa = XCSwiftPackageProductDependency;
			package = D7BBF3BD2B6F9CDD001D1C30 /* XCRemoteSwiftPackageReference "firebase-ios-sdk" */;
			productName = FirebaseDatabase;
		};
		D7BBF3D22B6F9CDD001D1C30 /* FirebaseDatabaseSwift */ = {
			isa = XCSwiftPackageProductDependency;
			package = D7BBF3BD2B6F9CDD001D1C30 /* XCRemoteSwiftPackageReference "firebase-ios-sdk" */;
			productName = FirebaseDatabaseSwift;
		};
		D7BBF3D42B6F9CDD001D1C30 /* FirebaseDynamicLinks */ = {
			isa = XCSwiftPackageProductDependency;
			package = D7BBF3BD2B6F9CDD001D1C30 /* XCRemoteSwiftPackageReference "firebase-ios-sdk" */;
			productName = FirebaseDynamicLinks;
		};
		D7BBF3D62B6F9CDD001D1C30 /* FirebaseFirestore */ = {
			isa = XCSwiftPackageProductDependency;
			package = D7BBF3BD2B6F9CDD001D1C30 /* XCRemoteSwiftPackageReference "firebase-ios-sdk" */;
			productName = FirebaseFirestore;
		};
		D7BBF3D82B6F9CDD001D1C30 /* FirebaseFirestoreCombine-Community */ = {
			isa = XCSwiftPackageProductDependency;
			package = D7BBF3BD2B6F9CDD001D1C30 /* XCRemoteSwiftPackageReference "firebase-ios-sdk" */;
			productName = "FirebaseFirestoreCombine-Community";
		};
		D7BBF3DA2B6F9CDD001D1C30 /* FirebaseFirestoreSwift */ = {
			isa = XCSwiftPackageProductDependency;
			package = D7BBF3BD2B6F9CDD001D1C30 /* XCRemoteSwiftPackageReference "firebase-ios-sdk" */;
			productName = FirebaseFirestoreSwift;
		};
		D7BBF3DC2B6F9CDD001D1C30 /* FirebaseFunctions */ = {
			isa = XCSwiftPackageProductDependency;
			package = D7BBF3BD2B6F9CDD001D1C30 /* XCRemoteSwiftPackageReference "firebase-ios-sdk" */;
			productName = FirebaseFunctions;
		};
		D7BBF3DE2B6F9CDD001D1C30 /* FirebaseFunctionsCombine-Community */ = {
			isa = XCSwiftPackageProductDependency;
			package = D7BBF3BD2B6F9CDD001D1C30 /* XCRemoteSwiftPackageReference "firebase-ios-sdk" */;
			productName = "FirebaseFunctionsCombine-Community";
		};
		D7BBF3E02B6F9CDD001D1C30 /* FirebaseInAppMessaging-Beta */ = {
			isa = XCSwiftPackageProductDependency;
			package = D7BBF3BD2B6F9CDD001D1C30 /* XCRemoteSwiftPackageReference "firebase-ios-sdk" */;
			productName = "FirebaseInAppMessaging-Beta";
		};
		D7BBF3E22B6F9CDD001D1C30 /* FirebaseInAppMessagingSwift-Beta */ = {
			isa = XCSwiftPackageProductDependency;
			package = D7BBF3BD2B6F9CDD001D1C30 /* XCRemoteSwiftPackageReference "firebase-ios-sdk" */;
			productName = "FirebaseInAppMessagingSwift-Beta";
		};
		D7BBF3E42B6F9CDD001D1C30 /* FirebaseInstallations */ = {
			isa = XCSwiftPackageProductDependency;
			package = D7BBF3BD2B6F9CDD001D1C30 /* XCRemoteSwiftPackageReference "firebase-ios-sdk" */;
			productName = FirebaseInstallations;
		};
		D7BBF3E62B6F9CDD001D1C30 /* FirebaseMLModelDownloader */ = {
			isa = XCSwiftPackageProductDependency;
			package = D7BBF3BD2B6F9CDD001D1C30 /* XCRemoteSwiftPackageReference "firebase-ios-sdk" */;
			productName = FirebaseMLModelDownloader;
		};
		D7BBF3E82B6F9CDD001D1C30 /* FirebaseMessaging */ = {
			isa = XCSwiftPackageProductDependency;
			package = D7BBF3BD2B6F9CDD001D1C30 /* XCRemoteSwiftPackageReference "firebase-ios-sdk" */;
			productName = FirebaseMessaging;
		};
		D7BBF3EA2B6F9CDD001D1C30 /* FirebasePerformance */ = {
			isa = XCSwiftPackageProductDependency;
			package = D7BBF3BD2B6F9CDD001D1C30 /* XCRemoteSwiftPackageReference "firebase-ios-sdk" */;
			productName = FirebasePerformance;
		};
		D7BBF3EC2B6F9CDD001D1C30 /* FirebaseRemoteConfig */ = {
			isa = XCSwiftPackageProductDependency;
			package = D7BBF3BD2B6F9CDD001D1C30 /* XCRemoteSwiftPackageReference "firebase-ios-sdk" */;
			productName = FirebaseRemoteConfig;
		};
		D7BBF3EE2B6F9CDD001D1C30 /* FirebaseRemoteConfigSwift */ = {
			isa = XCSwiftPackageProductDependency;
			package = D7BBF3BD2B6F9CDD001D1C30 /* XCRemoteSwiftPackageReference "firebase-ios-sdk" */;
			productName = FirebaseRemoteConfigSwift;
		};
		D7BBF3F02B6F9CDD001D1C30 /* FirebaseStorage */ = {
			isa = XCSwiftPackageProductDependency;
			package = D7BBF3BD2B6F9CDD001D1C30 /* XCRemoteSwiftPackageReference "firebase-ios-sdk" */;
			productName = FirebaseStorage;
		};
		D7BBF3F22B6F9CDD001D1C30 /* FirebaseStorageCombine-Community */ = {
			isa = XCSwiftPackageProductDependency;
			package = D7BBF3BD2B6F9CDD001D1C30 /* XCRemoteSwiftPackageReference "firebase-ios-sdk" */;
			productName = "FirebaseStorageCombine-Community";
		};
/* End XCSwiftPackageProductDependency section */
	};
	rootObject = D73D353A2B63D037009ACB57 /* Project object */;
}
